// !$*UTF8*$!
{
	archiveVersion = 1;
	classes = {
	};
	objectVersion = 50;
	objects = {

/* Begin PBXBuildFile section */
		157CD2B120CAD20500C19FB1 /* AppDelegate.swift in Sources */ = {isa = PBXBuildFile; fileRef = 157CD2B020CAD20500C19FB1 /* AppDelegate.swift */; };
		157CD2B320CAD20500C19FB1 /* ViewController.swift in Sources */ = {isa = PBXBuildFile; fileRef = 157CD2B220CAD20500C19FB1 /* ViewController.swift */; };
		157CD2B620CAD20500C19FB1 /* Main.storyboard in Resources */ = {isa = PBXBuildFile; fileRef = 157CD2B420CAD20500C19FB1 /* Main.storyboard */; };
		157CD2B820CAD20600C19FB1 /* Assets.xcassets in Resources */ = {isa = PBXBuildFile; fileRef = 157CD2B720CAD20600C19FB1 /* Assets.xcassets */; };
		157CD2BB20CAD20600C19FB1 /* LaunchScreen.storyboard in Resources */ = {isa = PBXBuildFile; fileRef = 157CD2B920CAD20600C19FB1 /* LaunchScreen.storyboard */; };
		157CD2C620CAD20600C19FB1 /* Rick_and_Morty_QuizTests.swift in Sources */ = {isa = PBXBuildFile; fileRef = 157CD2C520CAD20600C19FB1 /* Rick_and_Morty_QuizTests.swift */; };
		157CD2DC20CBDA2500C19FB1 /* HTTPService.swift in Sources */ = {isa = PBXBuildFile; fileRef = 157CD2DB20CBDA2500C19FB1 /* HTTPService.swift */; };
		6C83F07E666BECC388BD0694 /* Pods_Rick_and_Morty_QuizTests.framework in Frameworks */ = {isa = PBXBuildFile; fileRef = CE7A2D18884F41E0412344B1 /* Pods_Rick_and_Morty_QuizTests.framework */; };
		D2DB2A6D999B11DC890E8531 /* Pods_Rick_and_Morty_Quiz.framework in Frameworks */ = {isa = PBXBuildFile; fileRef = 615C1FE6134ECAACF6B683B2 /* Pods_Rick_and_Morty_Quiz.framework */; };
/* End PBXBuildFile section */

/* Begin PBXContainerItemProxy section */
		157CD2C220CAD20600C19FB1 /* PBXContainerItemProxy */ = {
			isa = PBXContainerItemProxy;
			containerPortal = 157CD2A520CAD20500C19FB1 /* Project object */;
			proxyType = 1;
			remoteGlobalIDString = 157CD2AC20CAD20500C19FB1;
			remoteInfo = "Rick and Morty Quiz";
		};
/* End PBXContainerItemProxy section */

/* Begin PBXFileReference section */
		04C4760268A699089881A258 /* Pods-Rick and Morty QuizTests.debug.xcconfig */ = {isa = PBXFileReference; includeInIndex = 1; lastKnownFileType = text.xcconfig; name = "Pods-Rick and Morty QuizTests.debug.xcconfig"; path = "Pods/Target Support Files/Pods-Rick and Morty QuizTests/Pods-Rick and Morty QuizTests.debug.xcconfig"; sourceTree = "<group>"; };
		157CD2AD20CAD20500C19FB1 /* Rick and Morty Quiz.app */ = {isa = PBXFileReference; explicitFileType = wrapper.application; includeInIndex = 0; path = "Rick and Morty Quiz.app"; sourceTree = BUILT_PRODUCTS_DIR; };
		157CD2B020CAD20500C19FB1 /* AppDelegate.swift */ = {isa = PBXFileReference; lastKnownFileType = sourcecode.swift; path = AppDelegate.swift; sourceTree = "<group>"; };
		157CD2B220CAD20500C19FB1 /* ViewController.swift */ = {isa = PBXFileReference; lastKnownFileType = sourcecode.swift; path = ViewController.swift; sourceTree = "<group>"; };
		157CD2B520CAD20500C19FB1 /* Base */ = {isa = PBXFileReference; lastKnownFileType = file.storyboard; name = Base; path = Base.lproj/Main.storyboard; sourceTree = "<group>"; };
		157CD2B720CAD20600C19FB1 /* Assets.xcassets */ = {isa = PBXFileReference; lastKnownFileType = folder.assetcatalog; path = Assets.xcassets; sourceTree = "<group>"; };
		157CD2BA20CAD20600C19FB1 /* Base */ = {isa = PBXFileReference; lastKnownFileType = file.storyboard; name = Base; path = Base.lproj/LaunchScreen.storyboard; sourceTree = "<group>"; };
		157CD2BC20CAD20600C19FB1 /* Info.plist */ = {isa = PBXFileReference; lastKnownFileType = text.plist.xml; path = Info.plist; sourceTree = "<group>"; };
		157CD2C120CAD20600C19FB1 /* Rick and Morty QuizTests.xctest */ = {isa = PBXFileReference; explicitFileType = wrapper.cfbundle; includeInIndex = 0; path = "Rick and Morty QuizTests.xctest"; sourceTree = BUILT_PRODUCTS_DIR; };
		157CD2C520CAD20600C19FB1 /* Rick_and_Morty_QuizTests.swift */ = {isa = PBXFileReference; lastKnownFileType = sourcecode.swift; path = Rick_and_Morty_QuizTests.swift; sourceTree = "<group>"; };
		157CD2C720CAD20600C19FB1 /* Info.plist */ = {isa = PBXFileReference; lastKnownFileType = text.plist.xml; path = Info.plist; sourceTree = "<group>"; };
		157CD2DB20CBDA2500C19FB1 /* HTTPService.swift */ = {isa = PBXFileReference; lastKnownFileType = sourcecode.swift; path = HTTPService.swift; sourceTree = "<group>"; };
		615C1FE6134ECAACF6B683B2 /* Pods_Rick_and_Morty_Quiz.framework */ = {isa = PBXFileReference; explicitFileType = wrapper.framework; includeInIndex = 0; path = Pods_Rick_and_Morty_Quiz.framework; sourceTree = BUILT_PRODUCTS_DIR; };
		680E98E81030E4684BB079C2 /* Pods-Rick and Morty Quiz.debug.xcconfig */ = {isa = PBXFileReference; includeInIndex = 1; lastKnownFileType = text.xcconfig; name = "Pods-Rick and Morty Quiz.debug.xcconfig"; path = "Pods/Target Support Files/Pods-Rick and Morty Quiz/Pods-Rick and Morty Quiz.debug.xcconfig"; sourceTree = "<group>"; };
		CE7A2D18884F41E0412344B1 /* Pods_Rick_and_Morty_QuizTests.framework */ = {isa = PBXFileReference; explicitFileType = wrapper.framework; includeInIndex = 0; path = Pods_Rick_and_Morty_QuizTests.framework; sourceTree = BUILT_PRODUCTS_DIR; };
		D08FF08B6561F346F72F2EC6 /* Pods-Rick and Morty Quiz.release.xcconfig */ = {isa = PBXFileReference; includeInIndex = 1; lastKnownFileType = text.xcconfig; name = "Pods-Rick and Morty Quiz.release.xcconfig"; path = "Pods/Target Support Files/Pods-Rick and Morty Quiz/Pods-Rick and Morty Quiz.release.xcconfig"; sourceTree = "<group>"; };
		D3FC692DC430027D2E574CBB /* Pods-Rick and Morty QuizTests.release.xcconfig */ = {isa = PBXFileReference; includeInIndex = 1; lastKnownFileType = text.xcconfig; name = "Pods-Rick and Morty QuizTests.release.xcconfig"; path = "Pods/Target Support Files/Pods-Rick and Morty QuizTests/Pods-Rick and Morty QuizTests.release.xcconfig"; sourceTree = "<group>"; };
/* End PBXFileReference section */

/* Begin PBXFrameworksBuildPhase section */
		157CD2AA20CAD20500C19FB1 /* Frameworks */ = {
			isa = PBXFrameworksBuildPhase;
			buildActionMask = 2147483647;
			files = (
				D2DB2A6D999B11DC890E8531 /* Pods_Rick_and_Morty_Quiz.framework in Frameworks */,
			);
			runOnlyForDeploymentPostprocessing = 0;
		};
		157CD2BE20CAD20600C19FB1 /* Frameworks */ = {
			isa = PBXFrameworksBuildPhase;
			buildActionMask = 2147483647;
			files = (
				6C83F07E666BECC388BD0694 /* Pods_Rick_and_Morty_QuizTests.framework in Frameworks */,
			);
			runOnlyForDeploymentPostprocessing = 0;
		};
/* End PBXFrameworksBuildPhase section */

/* Begin PBXGroup section */
		157CD2A420CAD20500C19FB1 = {
			isa = PBXGroup;
			children = (
				157CD2AF20CAD20500C19FB1 /* Rick and Morty Quiz */,
				157CD2C420CAD20600C19FB1 /* Rick and Morty QuizTests */,
				157CD2D520CAF9E800C19FB1 /* Core iOS */,
				157CD2D620CAFA1B00C19FB1 /* Company Core Tests */,
				157CD2AE20CAD20500C19FB1 /* Products */,
				7F72687B97BBBEEE09A60BFC /* Pods */,
				41D3359652643139071D0BA5 /* Frameworks */,
			);
			sourceTree = "<group>";
		};
		157CD2AE20CAD20500C19FB1 /* Products */ = {
			isa = PBXGroup;
			children = (
				157CD2AD20CAD20500C19FB1 /* Rick and Morty Quiz.app */,
				157CD2C120CAD20600C19FB1 /* Rick and Morty QuizTests.xctest */,
			);
			name = Products;
			sourceTree = "<group>";
		};
		157CD2AF20CAD20500C19FB1 /* Rick and Morty Quiz */ = {
			isa = PBXGroup;
			children = (
				157CD2DA20CBD5B900C19FB1 /* Application */,
				157CD2D020CAD24D00C19FB1 /* Common */,
				157CD2D120CAD25800C19FB1 /* Screens */,
				157CD2B720CAD20600C19FB1 /* Assets.xcassets */,
			);
			path = "Rick and Morty Quiz";
			sourceTree = "<group>";
		};
		157CD2C420CAD20600C19FB1 /* Rick and Morty QuizTests */ = {
			isa = PBXGroup;
			children = (
				157CD2C520CAD20600C19FB1 /* Rick_and_Morty_QuizTests.swift */,
				157CD2C720CAD20600C19FB1 /* Info.plist */,
			);
			path = "Rick and Morty QuizTests";
			sourceTree = "<group>";
		};
		157CD2D020CAD24D00C19FB1 /* Common */ = {
			isa = PBXGroup;
			children = (
				157CD2D220CAD28800C19FB1 /* Clean Architecture */,
			);
			path = Common;
			sourceTree = "<group>";
		};
		157CD2D120CAD25800C19FB1 /* Screens */ = {
			isa = PBXGroup;
			children = (
				157CD2B920CAD20600C19FB1 /* LaunchScreen.storyboard */,
				157CD2D320CAD2AD00C19FB1 /* Main */,
			);
			path = Screens;
			sourceTree = "<group>";
		};
		157CD2D220CAD28800C19FB1 /* Clean Architecture */ = {
			isa = PBXGroup;
			children = (
			);
			path = "Clean Architecture";
			sourceTree = "<group>";
		};
		157CD2D320CAD2AD00C19FB1 /* Main */ = {
			isa = PBXGroup;
			children = (
				157CD2B420CAD20500C19FB1 /* Main.storyboard */,
				157CD2B220CAD20500C19FB1 /* ViewController.swift */,
			);
			path = Main;
			sourceTree = "<group>";
		};
		157CD2D420CAD31C00C19FB1 /* Network */ = {
			isa = PBXGroup;
			children = (
				157CD2DB20CBDA2500C19FB1 /* HTTPService.swift */,
			);
			path = Network;
			sourceTree = "<group>";
		};
		157CD2D520CAF9E800C19FB1 /* Core iOS */ = {
			isa = PBXGroup;
			children = (
				157CD2D720CB01D900C19FB1 /* Sources */,
			);
			path = "Core iOS";
			sourceTree = "<group>";
		};
		157CD2D620CAFA1B00C19FB1 /* Company Core Tests */ = {
			isa = PBXGroup;
			children = (
			);
			path = "Company Core Tests";
			sourceTree = "<group>";
		};
		157CD2D720CB01D900C19FB1 /* Sources */ = {
			isa = PBXGroup;
			children = (
				157CD2D420CAD31C00C19FB1 /* Network */,
			);
			path = Sources;
			sourceTree = "<group>";
		};
		157CD2DA20CBD5B900C19FB1 /* Application */ = {
			isa = PBXGroup;
			children = (
				157CD2B020CAD20500C19FB1 /* AppDelegate.swift */,
				157CD2BC20CAD20600C19FB1 /* Info.plist */,
			);
			path = Application;
			sourceTree = "<group>";
		};
		41D3359652643139071D0BA5 /* Frameworks */ = {
			isa = PBXGroup;
			children = (
				615C1FE6134ECAACF6B683B2 /* Pods_Rick_and_Morty_Quiz.framework */,
				CE7A2D18884F41E0412344B1 /* Pods_Rick_and_Morty_QuizTests.framework */,
			);
			name = Frameworks;
			sourceTree = "<group>";
		};
		7F72687B97BBBEEE09A60BFC /* Pods */ = {
			isa = PBXGroup;
			children = (
				680E98E81030E4684BB079C2 /* Pods-Rick and Morty Quiz.debug.xcconfig */,
				D08FF08B6561F346F72F2EC6 /* Pods-Rick and Morty Quiz.release.xcconfig */,
				04C4760268A699089881A258 /* Pods-Rick and Morty QuizTests.debug.xcconfig */,
				D3FC692DC430027D2E574CBB /* Pods-Rick and Morty QuizTests.release.xcconfig */,
			);
			name = Pods;
			sourceTree = "<group>";
		};
/* End PBXGroup section */

/* Begin PBXNativeTarget section */
		157CD2AC20CAD20500C19FB1 /* Rick and Morty Quiz */ = {
			isa = PBXNativeTarget;
			buildConfigurationList = 157CD2CA20CAD20600C19FB1 /* Build configuration list for PBXNativeTarget "Rick and Morty Quiz" */;
			buildPhases = (
				5DF19B8BC71BE82E6B10E12C /* [CP] Check Pods Manifest.lock */,
				157CD2A920CAD20500C19FB1 /* Sources */,
				157CD2AA20CAD20500C19FB1 /* Frameworks */,
				157CD2AB20CAD20500C19FB1 /* Resources */,
				49DCFD8DB1983772922E35F3 /* [CP] Embed Pods Frameworks */,
				C1355FDFACD9E6A15734A8AC /* [CP] Copy Pods Resources */,
			);
			buildRules = (
			);
			dependencies = (
			);
			name = "Rick and Morty Quiz";
			productName = "Rick and Morty Quiz";
			productReference = 157CD2AD20CAD20500C19FB1 /* Rick and Morty Quiz.app */;
			productType = "com.apple.product-type.application";
		};
		157CD2C020CAD20600C19FB1 /* Rick and Morty QuizTests */ = {
			isa = PBXNativeTarget;
			buildConfigurationList = 157CD2CD20CAD20600C19FB1 /* Build configuration list for PBXNativeTarget "Rick and Morty QuizTests" */;
			buildPhases = (
				129FD9349565F924EBC3FCBB /* [CP] Check Pods Manifest.lock */,
				157CD2BD20CAD20600C19FB1 /* Sources */,
				157CD2BE20CAD20600C19FB1 /* Frameworks */,
				157CD2BF20CAD20600C19FB1 /* Resources */,
				D4A6D57550DB5391CC04406A /* [CP] Embed Pods Frameworks */,
				4F89A2346B0F3CD8EC429CAE /* [CP] Copy Pods Resources */,
			);
			buildRules = (
			);
			dependencies = (
				157CD2C320CAD20600C19FB1 /* PBXTargetDependency */,
			);
			name = "Rick and Morty QuizTests";
			productName = "Rick and Morty QuizTests";
			productReference = 157CD2C120CAD20600C19FB1 /* Rick and Morty QuizTests.xctest */;
			productType = "com.apple.product-type.bundle.unit-test";
		};
/* End PBXNativeTarget section */

/* Begin PBXProject section */
		157CD2A520CAD20500C19FB1 /* Project object */ = {
			isa = PBXProject;
			attributes = {
				LastSwiftUpdateCheck = 0940;
				LastUpgradeCheck = 0940;
				ORGANIZATIONNAME = "Jason Kuan";
				TargetAttributes = {
					157CD2AC20CAD20500C19FB1 = {
						CreatedOnToolsVersion = 9.4;
					};
					157CD2C020CAD20600C19FB1 = {
						CreatedOnToolsVersion = 9.4;
						TestTargetID = 157CD2AC20CAD20500C19FB1;
					};
				};
			};
			buildConfigurationList = 157CD2A820CAD20500C19FB1 /* Build configuration list for PBXProject "Rick and Morty Quiz" */;
			compatibilityVersion = "Xcode 9.3";
			developmentRegion = en;
			hasScannedForEncodings = 0;
			knownRegions = (
				en,
				Base,
			);
			mainGroup = 157CD2A420CAD20500C19FB1;
			productRefGroup = 157CD2AE20CAD20500C19FB1 /* Products */;
			projectDirPath = "";
			projectRoot = "";
			targets = (
				157CD2AC20CAD20500C19FB1 /* Rick and Morty Quiz */,
				157CD2C020CAD20600C19FB1 /* Rick and Morty QuizTests */,
			);
		};
/* End PBXProject section */

/* Begin PBXResourcesBuildPhase section */
		157CD2AB20CAD20500C19FB1 /* Resources */ = {
			isa = PBXResourcesBuildPhase;
			buildActionMask = 2147483647;
			files = (
				157CD2BB20CAD20600C19FB1 /* LaunchScreen.storyboard in Resources */,
				157CD2B820CAD20600C19FB1 /* Assets.xcassets in Resources */,
				157CD2B620CAD20500C19FB1 /* Main.storyboard in Resources */,
			);
			runOnlyForDeploymentPostprocessing = 0;
		};
		157CD2BF20CAD20600C19FB1 /* Resources */ = {
			isa = PBXResourcesBuildPhase;
			buildActionMask = 2147483647;
			files = (
			);
			runOnlyForDeploymentPostprocessing = 0;
		};
/* End PBXResourcesBuildPhase section */

/* Begin PBXShellScriptBuildPhase section */
		129FD9349565F924EBC3FCBB /* [CP] Check Pods Manifest.lock */ = {
			isa = PBXShellScriptBuildPhase;
			buildActionMask = 2147483647;
			files = (
			);
			inputPaths = (
				"${PODS_PODFILE_DIR_PATH}/Podfile.lock",
				"${PODS_ROOT}/Manifest.lock",
			);
			name = "[CP] Check Pods Manifest.lock";
			outputPaths = (
				"$(DERIVED_FILE_DIR)/Pods-Rick and Morty QuizTests-checkManifestLockResult.txt",
			);
			runOnlyForDeploymentPostprocessing = 0;
			shellPath = /bin/sh;
			shellScript = "diff \"${PODS_PODFILE_DIR_PATH}/Podfile.lock\" \"${PODS_ROOT}/Manifest.lock\" > /dev/null\nif [ $? != 0 ] ; then\n    # print error to STDERR\n    echo \"error: The sandbox is not in sync with the Podfile.lock. Run 'pod install' or update your CocoaPods installation.\" >&2\n    exit 1\nfi\n# This output is used by Xcode 'outputs' to avoid re-running this script phase.\necho \"SUCCESS\" > \"${SCRIPT_OUTPUT_FILE_0}\"\n";
			showEnvVarsInLog = 0;
		};
		49DCFD8DB1983772922E35F3 /* [CP] Embed Pods Frameworks */ = {
			isa = PBXShellScriptBuildPhase;
			buildActionMask = 2147483647;
			files = (
			);
			inputPaths = (
				"${SRCROOT}/Pods/Target Support Files/Pods-Rick and Morty Quiz/Pods-Rick and Morty Quiz-frameworks.sh",
				"${BUILT_PRODUCTS_DIR}/Alamofire/Alamofire.framework",
			);
			name = "[CP] Embed Pods Frameworks";
			outputPaths = (
				"${TARGET_BUILD_DIR}/${FRAMEWORKS_FOLDER_PATH}/Alamofire.framework",
			);
			runOnlyForDeploymentPostprocessing = 0;
			shellPath = /bin/sh;
			shellScript = "\"${SRCROOT}/Pods/Target Support Files/Pods-Rick and Morty Quiz/Pods-Rick and Morty Quiz-frameworks.sh\"\n";
			showEnvVarsInLog = 0;
		};
		4F89A2346B0F3CD8EC429CAE /* [CP] Copy Pods Resources */ = {
			isa = PBXShellScriptBuildPhase;
			buildActionMask = 2147483647;
			files = (
			);
			inputPaths = (
			);
			name = "[CP] Copy Pods Resources";
			outputPaths = (
			);
			runOnlyForDeploymentPostprocessing = 0;
			shellPath = /bin/sh;
			shellScript = "\"${SRCROOT}/Pods/Target Support Files/Pods-Rick and Morty QuizTests/Pods-Rick and Morty QuizTests-resources.sh\"\n";
			showEnvVarsInLog = 0;
		};
		5DF19B8BC71BE82E6B10E12C /* [CP] Check Pods Manifest.lock */ = {
			isa = PBXShellScriptBuildPhase;
			buildActionMask = 2147483647;
			files = (
			);
			inputPaths = (
				"${PODS_PODFILE_DIR_PATH}/Podfile.lock",
				"${PODS_ROOT}/Manifest.lock",
			);
			name = "[CP] Check Pods Manifest.lock";
			outputPaths = (
				"$(DERIVED_FILE_DIR)/Pods-Rick and Morty Quiz-checkManifestLockResult.txt",
			);
			runOnlyForDeploymentPostprocessing = 0;
			shellPath = /bin/sh;
			shellScript = "diff \"${PODS_PODFILE_DIR_PATH}/Podfile.lock\" \"${PODS_ROOT}/Manifest.lock\" > /dev/null\nif [ $? != 0 ] ; then\n    # print error to STDERR\n    echo \"error: The sandbox is not in sync with the Podfile.lock. Run 'pod install' or update your CocoaPods installation.\" >&2\n    exit 1\nfi\n# This output is used by Xcode 'outputs' to avoid re-running this script phase.\necho \"SUCCESS\" > \"${SCRIPT_OUTPUT_FILE_0}\"\n";
			showEnvVarsInLog = 0;
		};
		C1355FDFACD9E6A15734A8AC /* [CP] Copy Pods Resources */ = {
			isa = PBXShellScriptBuildPhase;
			buildActionMask = 2147483647;
			files = (
			);
			inputPaths = (
			);
			name = "[CP] Copy Pods Resources";
			outputPaths = (
			);
			runOnlyForDeploymentPostprocessing = 0;
			shellPath = /bin/sh;
			shellScript = "\"${SRCROOT}/Pods/Target Support Files/Pods-Rick and Morty Quiz/Pods-Rick and Morty Quiz-resources.sh\"\n";
			showEnvVarsInLog = 0;
		};
		D4A6D57550DB5391CC04406A /* [CP] Embed Pods Frameworks */ = {
			isa = PBXShellScriptBuildPhase;
			buildActionMask = 2147483647;
			files = (
			);
			inputPaths = (
			);
			name = "[CP] Embed Pods Frameworks";
			outputPaths = (
			);
			runOnlyForDeploymentPostprocessing = 0;
			shellPath = /bin/sh;
			shellScript = "\"${SRCROOT}/Pods/Target Support Files/Pods-Rick and Morty QuizTests/Pods-Rick and Morty QuizTests-frameworks.sh\"\n";
			showEnvVarsInLog = 0;
		};
/* End PBXShellScriptBuildPhase section */

/* Begin PBXSourcesBuildPhase section */
		157CD2A920CAD20500C19FB1 /* Sources */ = {
			isa = PBXSourcesBuildPhase;
			buildActionMask = 2147483647;
			files = (
				157CD2DC20CBDA2500C19FB1 /* HTTPService.swift in Sources */,
				157CD2B320CAD20500C19FB1 /* ViewController.swift in Sources */,
				157CD2B120CAD20500C19FB1 /* AppDelegate.swift in Sources */,
			);
			runOnlyForDeploymentPostprocessing = 0;
		};
		157CD2BD20CAD20600C19FB1 /* Sources */ = {
			isa = PBXSourcesBuildPhase;
			buildActionMask = 2147483647;
			files = (
				157CD2C620CAD20600C19FB1 /* Rick_and_Morty_QuizTests.swift in Sources */,
			);
			runOnlyForDeploymentPostprocessing = 0;
		};
/* End PBXSourcesBuildPhase section */

/* Begin PBXTargetDependency section */
		157CD2C320CAD20600C19FB1 /* PBXTargetDependency */ = {
			isa = PBXTargetDependency;
			target = 157CD2AC20CAD20500C19FB1 /* Rick and Morty Quiz */;
			targetProxy = 157CD2C220CAD20600C19FB1 /* PBXContainerItemProxy */;
		};
/* End PBXTargetDependency section */

/* Begin PBXVariantGroup section */
		157CD2B420CAD20500C19FB1 /* Main.storyboard */ = {
			isa = PBXVariantGroup;
			children = (
				157CD2B520CAD20500C19FB1 /* Base */,
			);
			name = Main.storyboard;
			sourceTree = "<group>";
		};
		157CD2B920CAD20600C19FB1 /* LaunchScreen.storyboard */ = {
			isa = PBXVariantGroup;
			children = (
				157CD2BA20CAD20600C19FB1 /* Base */,
			);
			name = LaunchScreen.storyboard;
			sourceTree = "<group>";
		};
/* End PBXVariantGroup section */

/* Begin XCBuildConfiguration section */
		157CD2C820CAD20600C19FB1 /* Debug */ = {
			isa = XCBuildConfiguration;
			buildSettings = {
				ALWAYS_SEARCH_USER_PATHS = NO;
				CLANG_ANALYZER_NONNULL = YES;
				CLANG_ANALYZER_NUMBER_OBJECT_CONVERSION = YES_AGGRESSIVE;
				CLANG_CXX_LANGUAGE_STANDARD = "gnu++14";
				CLANG_CXX_LIBRARY = "libc++";
				CLANG_ENABLE_MODULES = YES;
				CLANG_ENABLE_OBJC_ARC = YES;
				CLANG_ENABLE_OBJC_WEAK = YES;
				CLANG_WARN_BLOCK_CAPTURE_AUTORELEASING = YES;
				CLANG_WARN_BOOL_CONVERSION = YES;
				CLANG_WARN_COMMA = YES;
				CLANG_WARN_CONSTANT_CONVERSION = YES;
				CLANG_WARN_DEPRECATED_OBJC_IMPLEMENTATIONS = YES;
				CLANG_WARN_DIRECT_OBJC_ISA_USAGE = YES_ERROR;
				CLANG_WARN_DOCUMENTATION_COMMENTS = YES;
				CLANG_WARN_EMPTY_BODY = YES;
				CLANG_WARN_ENUM_CONVERSION = YES;
				CLANG_WARN_INFINITE_RECURSION = YES;
				CLANG_WARN_INT_CONVERSION = YES;
				CLANG_WARN_NON_LITERAL_NULL_CONVERSION = YES;
				CLANG_WARN_OBJC_IMPLICIT_RETAIN_SELF = YES;
				CLANG_WARN_OBJC_LITERAL_CONVERSION = YES;
				CLANG_WARN_OBJC_ROOT_CLASS = YES_ERROR;
				CLANG_WARN_RANGE_LOOP_ANALYSIS = YES;
				CLANG_WARN_STRICT_PROTOTYPES = YES;
				CLANG_WARN_SUSPICIOUS_MOVE = YES;
				CLANG_WARN_UNGUARDED_AVAILABILITY = YES_AGGRESSIVE;
				CLANG_WARN_UNREACHABLE_CODE = YES;
				CLANG_WARN__DUPLICATE_METHOD_MATCH = YES;
				CODE_SIGN_IDENTITY = "iPhone Developer";
				COPY_PHASE_STRIP = NO;
				DEBUG_INFORMATION_FORMAT = dwarf;
				ENABLE_STRICT_OBJC_MSGSEND = YES;
				ENABLE_TESTABILITY = YES;
				GCC_C_LANGUAGE_STANDARD = gnu11;
				GCC_DYNAMIC_NO_PIC = NO;
				GCC_NO_COMMON_BLOCKS = YES;
				GCC_OPTIMIZATION_LEVEL = 0;
				GCC_PREPROCESSOR_DEFINITIONS = (
					"DEBUG=1",
					"$(inherited)",
				);
				GCC_WARN_64_TO_32_BIT_CONVERSION = YES;
				GCC_WARN_ABOUT_RETURN_TYPE = YES_ERROR;
				GCC_WARN_UNDECLARED_SELECTOR = YES;
				GCC_WARN_UNINITIALIZED_AUTOS = YES_AGGRESSIVE;
				GCC_WARN_UNUSED_FUNCTION = YES;
				GCC_WARN_UNUSED_VARIABLE = YES;
				IPHONEOS_DEPLOYMENT_TARGET = 11.4;
				MTL_ENABLE_DEBUG_INFO = YES;
				ONLY_ACTIVE_ARCH = YES;
				SDKROOT = iphoneos;
				SWIFT_ACTIVE_COMPILATION_CONDITIONS = DEBUG;
				SWIFT_OPTIMIZATION_LEVEL = "-Onone";
			};
			name = Debug;
		};
		157CD2C920CAD20600C19FB1 /* Release */ = {
			isa = XCBuildConfiguration;
			buildSettings = {
				ALWAYS_SEARCH_USER_PATHS = NO;
				CLANG_ANALYZER_NONNULL = YES;
				CLANG_ANALYZER_NUMBER_OBJECT_CONVERSION = YES_AGGRESSIVE;
				CLANG_CXX_LANGUAGE_STANDARD = "gnu++14";
				CLANG_CXX_LIBRARY = "libc++";
				CLANG_ENABLE_MODULES = YES;
				CLANG_ENABLE_OBJC_ARC = YES;
				CLANG_ENABLE_OBJC_WEAK = YES;
				CLANG_WARN_BLOCK_CAPTURE_AUTORELEASING = YES;
				CLANG_WARN_BOOL_CONVERSION = YES;
				CLANG_WARN_COMMA = YES;
				CLANG_WARN_CONSTANT_CONVERSION = YES;
				CLANG_WARN_DEPRECATED_OBJC_IMPLEMENTATIONS = YES;
				CLANG_WARN_DIRECT_OBJC_ISA_USAGE = YES_ERROR;
				CLANG_WARN_DOCUMENTATION_COMMENTS = YES;
				CLANG_WARN_EMPTY_BODY = YES;
				CLANG_WARN_ENUM_CONVERSION = YES;
				CLANG_WARN_INFINITE_RECURSION = YES;
				CLANG_WARN_INT_CONVERSION = YES;
				CLANG_WARN_NON_LITERAL_NULL_CONVERSION = YES;
				CLANG_WARN_OBJC_IMPLICIT_RETAIN_SELF = YES;
				CLANG_WARN_OBJC_LITERAL_CONVERSION = YES;
				CLANG_WARN_OBJC_ROOT_CLASS = YES_ERROR;
				CLANG_WARN_RANGE_LOOP_ANALYSIS = YES;
				CLANG_WARN_STRICT_PROTOTYPES = YES;
				CLANG_WARN_SUSPICIOUS_MOVE = YES;
				CLANG_WARN_UNGUARDED_AVAILABILITY = YES_AGGRESSIVE;
				CLANG_WARN_UNREACHABLE_CODE = YES;
				CLANG_WARN__DUPLICATE_METHOD_MATCH = YES;
				CODE_SIGN_IDENTITY = "iPhone Developer";
				COPY_PHASE_STRIP = NO;
				DEBUG_INFORMATION_FORMAT = "dwarf-with-dsym";
				ENABLE_NS_ASSERTIONS = NO;
				ENABLE_STRICT_OBJC_MSGSEND = YES;
				GCC_C_LANGUAGE_STANDARD = gnu11;
				GCC_NO_COMMON_BLOCKS = YES;
				GCC_WARN_64_TO_32_BIT_CONVERSION = YES;
				GCC_WARN_ABOUT_RETURN_TYPE = YES_ERROR;
				GCC_WARN_UNDECLARED_SELECTOR = YES;
				GCC_WARN_UNINITIALIZED_AUTOS = YES_AGGRESSIVE;
				GCC_WARN_UNUSED_FUNCTION = YES;
				GCC_WARN_UNUSED_VARIABLE = YES;
				IPHONEOS_DEPLOYMENT_TARGET = 11.4;
				MTL_ENABLE_DEBUG_INFO = NO;
				SDKROOT = iphoneos;
				SWIFT_COMPILATION_MODE = wholemodule;
				SWIFT_OPTIMIZATION_LEVEL = "-O";
				VALIDATE_PRODUCT = YES;
			};
			name = Release;
		};
		157CD2CB20CAD20600C19FB1 /* Debug */ = {
			isa = XCBuildConfiguration;
			baseConfigurationReference = 680E98E81030E4684BB079C2 /* Pods-Rick and Morty Quiz.debug.xcconfig */;
			buildSettings = {
				ASSETCATALOG_COMPILER_APPICON_NAME = AppIcon;
				CODE_SIGN_STYLE = Automatic;
				DEVELOPMENT_TEAM = M7X37PRA8F;
				INFOPLIST_FILE = "Rick and Morty Quiz/Application/Info.plist";
				LD_RUNPATH_SEARCH_PATHS = "$(inherited) @executable_path/Frameworks";
				PRODUCT_BUNDLE_IDENTIFIER = "com.jsonkuan.Rick-and-Morty-Quiz";
				PRODUCT_NAME = "$(TARGET_NAME)";
				SWIFT_VERSION = 4.0;
				TARGETED_DEVICE_FAMILY = "1,2";
			};
			name = Debug;
		};
		157CD2CC20CAD20600C19FB1 /* Release */ = {
			isa = XCBuildConfiguration;
			baseConfigurationReference = D08FF08B6561F346F72F2EC6 /* Pods-Rick and Morty Quiz.release.xcconfig */;
			buildSettings = {
				ASSETCATALOG_COMPILER_APPICON_NAME = AppIcon;
				CODE_SIGN_STYLE = Automatic;
				DEVELOPMENT_TEAM = M7X37PRA8F;
				INFOPLIST_FILE = "Rick and Morty Quiz/Application/Info.plist";
				LD_RUNPATH_SEARCH_PATHS = "$(inherited) @executable_path/Frameworks";
				PRODUCT_BUNDLE_IDENTIFIER = "com.jsonkuan.Rick-and-Morty-Quiz";
				PRODUCT_NAME = "$(TARGET_NAME)";
				SWIFT_VERSION = 4.0;
				TARGETED_DEVICE_FAMILY = "1,2";
			};
			name = Release;
		};
		157CD2CE20CAD20600C19FB1 /* Debug */ = {
			isa = XCBuildConfiguration;
			baseConfigurationReference = 04C4760268A699089881A258 /* Pods-Rick and Morty QuizTests.debug.xcconfig */;
			buildSettings = {
				ALWAYS_EMBED_SWIFT_STANDARD_LIBRARIES = YES;
				BUNDLE_LOADER = "$(TEST_HOST)";
				CODE_SIGN_STYLE = Automatic;
				DEVELOPMENT_TEAM = M7X37PRA8F;
				INFOPLIST_FILE = "Rick and Morty QuizTests/Info.plist";
				LD_RUNPATH_SEARCH_PATHS = "$(inherited) @executable_path/Frameworks @loader_path/Frameworks";
				PRODUCT_BUNDLE_IDENTIFIER = "com.jsonkuan.Rick-and-Morty-QuizTests";
				PRODUCT_NAME = "$(TARGET_NAME)";
				SWIFT_VERSION = 4.0;
				TARGETED_DEVICE_FAMILY = "1,2";
				TEST_HOST = "$(BUILT_PRODUCTS_DIR)/Rick and Morty Quiz.app/Rick and Morty Quiz";
			};
			name = Debug;
		};
		157CD2CF20CAD20600C19FB1 /* Release */ = {
			isa = XCBuildConfiguration;
			baseConfigurationReference = D3FC692DC430027D2E574CBB /* Pods-Rick and Morty QuizTests.release.xcconfig */;
			buildSettings = {
				ALWAYS_EMBED_SWIFT_STANDARD_LIBRARIES = YES;
				BUNDLE_LOADER = "$(TEST_HOST)";
				CODE_SIGN_STYLE = Automatic;
				DEVELOPMENT_TEAM = M7X37PRA8F;
				INFOPLIST_FILE = "Rick and Morty QuizTests/Info.plist";
				LD_RUNPATH_SEARCH_PATHS = "$(inherited) @executable_path/Frameworks @loader_path/Frameworks";
				PRODUCT_BUNDLE_IDENTIFIER = "com.jsonkuan.Rick-and-Morty-QuizTests";
				PRODUCT_NAME = "$(TARGET_NAME)";
				SWIFT_VERSION = 4.0;
				TARGETED_DEVICE_FAMILY = "1,2";
				TEST_HOST = "$(BUILT_PRODUCTS_DIR)/Rick and Morty Quiz.app/Rick and Morty Quiz";
			};
			name = Release;
		};
/* End XCBuildConfiguration section */

/* Begin XCConfigurationList section */
		157CD2A820CAD20500C19FB1 /* Build configuration list for PBXProject "Rick and Morty Quiz" */ = {
			isa = XCConfigurationList;
			buildConfigurations = (
				157CD2C820CAD20600C19FB1 /* Debug */,
				157CD2C920CAD20600C19FB1 /* Release */,
			);
			defaultConfigurationIsVisible = 0;
			defaultConfigurationName = Release;
		};
		157CD2CA20CAD20600C19FB1 /* Build configuration list for PBXNativeTarget "Rick and Morty Quiz" */ = {
			isa = XCConfigurationList;
			buildConfigurations = (
				157CD2CB20CAD20600C19FB1 /* Debug */,
				157CD2CC20CAD20600C19FB1 /* Release */,
			);
			defaultConfigurationIsVisible = 0;
			defaultConfigurationName = Release;
		};
		157CD2CD20CAD20600C19FB1 /* Build configuration list for PBXNativeTarget "Rick and Morty QuizTests" */ = {
			isa = XCConfigurationList;
			buildConfigurations = (
				157CD2CE20CAD20600C19FB1 /* Debug */,
				157CD2CF20CAD20600C19FB1 /* Release */,
			);
			defaultConfigurationIsVisible = 0;
			defaultConfigurationName = Release;
		};
/* End XCConfigurationList section */
	};
	rootObject = 157CD2A520CAD20500C19FB1 /* Project object */;
}
